# This file is automatically @generated by Poetry 1.8.2 and should not be changed by hand.

[[package]]
name = "arrow"
version = "1.3.0"
description = "Better dates & times for Python"
optional = false
python-versions = "*"
files = []

[[package]]
name = "codespell"
version = "2.3.0"
description = "Codespell"
optional = false
python-versions = "*"
files = []

[[package]]
name = "homeassistant"
version = "2023.12.4"
description = "Open-source home automation platform running on Python 3."
optional = false
python-versions = "*"
files = []

[[package]]
name = "homeassistant-stubs"
version = "2023.12.4"
description = "PEP 484 typing stubs for Home Assistant Core"
optional = false
python-versions = "*"
files = []

[[package]]
name = "mytoyota"
version = "2.1.3"
description = "Python client for Toyota Connected Services."
optional = false
python-versions = "*"
files = []

[[package]]
name = "pre-commit"
version = "3.8.0"
description = "A framework for managing and maintaining multi-language pre-commit hooks."
optional = false
python-versions = "*"
files = []

[[package]]
name = "pre-commit-hooks"
version = "4.6.0"
description = "Some out-of-the-box hooks for pre-commit."
optional = false
python-versions = "*"
files = []

[[package]]
name = "ruff"
version = "0.1.15"
description = "An extremely fast Python linter and code formatter, written in Rust."
optional = false
python-versions = "*"
files = []

[[package]]
name = "voluptuous-stubs"
version = "0.1.1"
description = "voluptuous stubs"
optional = false
python-versions = "*"
files = []

[metadata]
lock-version = "2.0"
python-versions = "^3.11"
content-hash = "7661525dc6a18ddf9cda4e9b395bf720114317db8434fa0f3a4f7b9297a54296"
